# This file is autogenerated, do not edit; changes may be undone by the next 'dep ensure'.


[[projects]]
  branch = "master"
  digest = "1:08596062ae73f213259d1aa16135582fdbd43ceefaf891a639490873bd00d916"
  name = "github.com/d2r2/go-dht"
  packages = ["."]
  pruneopts = "UT"
  revision = "b6103ae97a4b34d2876c04261ed37fce8cbbcc2d"

[[projects]]
  branch = "master"
  digest = "1:25157f23d71aa81cc8760fb97054a893c4014e1a1d234167b257d184191dc406"
  name = "github.com/d2r2/go-logger"
  packages = ["."]
  pruneopts = "UT"
  revision = "9998a510495ea259b42200a610975913e4d1cacd"

[[projects]]
  branch = "master"
  digest = "1:571cb1ebd58166d4c29b6b5c4d516c544cb67d0ea7f57cd6be63640f28805c77"
  name = "github.com/d2r2/go-shell"
  packages = ["."]
  pruneopts = "UT"
  revision = "7664ea33645f1319ce12e920eb2e163c8ee017cc"

[[projects]]
  digest = "1:ffe9824d294da03b391f44e1ae8281281b4afc1bdaa9588c9097785e3af10cec"
  name = "github.com/davecgh/go-spew"
  packages = ["spew"]
  pruneopts = "UT"
  revision = "8991bc29aa16c548c550c7ff78260e27b9ab7c73"
  version = "v1.1.1"

[[projects]]
  digest = "1:354f484e2e0407e47113cabaea24401f1f96d43e6590ff830d5589a7fef7c736"
  name = "github.com/yosssi/gmq"
  packages = [
    "mqtt",
    "mqtt/client",
    "mqtt/packet",
  ]
  pruneopts = "UT"
  revision = "31fa037b1019e383aa033aee1e4d04e106c88ed2"
  version = "v0.0.1"

[solve-meta]
  analyzer-name = "dep"
  analyzer-version = 1
  input-imports = [
    "github.com/d2r2/go-dht",
    "github.com/d2r2/go-logger",
    "github.com/d2r2/go-shell",
    "github.com/yosssi/gmq/mqtt",
    "github.com/yosssi/gmq/mqtt/client",
  ]
  solver-name = "gps-cdcl"
  solver-version = 1
